
Microsoft Visual Studio Solution File, Format Version 12.00
# Visual Studio Version 16
VisualStudioVersion = 16.0.30907.101
MinimumVisualStudioVersion = 10.0.40219.1
Project("{FAE04EC0-301F-11D3-BF4B-00C04F79EFBC}") = "StackOverflowProject", "StackOverflowProject.csproj", "{35E93226-391A-472F-AC5D-4280460E56F1}"
EndProject
Project("{FAE04EC0-301F-11D3-BF4B-00C04F79EFBC}") = "StackOverflowProject.DomainModels", "..\StackOverflowProject.DomainModels\StackOverflowProject.DomainModels.csproj", "{FE0C991F-4C22-43AD-8D58-F35B825C4777}"
EndProject
Project("{FAE04EC0-301F-11D3-BF4B-00C04F79EFBC}") = "StackOverflowProject.ViewModels", "..\StackOverflowProject.ViewModels\StackOverflowProject.ViewModels.csproj", "{929063B3-2534-4FCE-9D7E-FCB05ECB974F}"
EndProject
Project("{FAE04EC0-301F-11D3-BF4B-00C04F79EFBC}") = "StackOverflowProject.Repositories", "..\StackOverflowProject.Repositories\StackOverflowProject.Repositories.csproj", "{5A22744B-82E3-49B3-9F5F-6BB2EE1F5071}"
EndProject
Project("{FAE04EC0-301F-11D3-BF4B-00C04F79EFBC}") = "StackOverflowProject.ServiceLayer", "..\StackOverflowProject.ServiceLayer\StackOverflowProject.ServiceLayer.csproj", "{D802F2A5-C0EA-4F53-8327-0546980B844F}"
EndProject
Global
	GlobalSection(SolutionConfigurationPlatforms) = preSolution
		Debug|Any CPU = Debug|Any CPU
		Release|Any CPU = Release|Any CPU
	EndGlobalSection
	GlobalSection(ProjectConfigurationPlatforms) = postSolution
		{35E93226-391A-472F-AC5D-4280460E56F1}.Debug|Any CPU.ActiveCfg = Debug|Any CPU
		{35E93226-391A-472F-AC5D-4280460E56F1}.Debug|Any CPU.Build.0 = Debug|Any CPU
		{35E93226-391A-472F-AC5D-4280460E56F1}.Release|Any CPU.ActiveCfg = Release|Any CPU
		{35E93226-391A-472F-AC5D-4280460E56F1}.Release|Any CPU.Build.0 = Release|Any CPU
		{FE0C991F-4C22-43AD-8D58-F35B825C4777}.Debug|Any CPU.ActiveCfg = Debug|Any CPU
		{FE0C991F-4C22-43AD-8D58-F35B825C4777}.Debug|Any CPU.Build.0 = Debug|Any CPU
		{FE0C991F-4C22-43AD-8D58-F35B825C4777}.Release|Any CPU.ActiveCfg = Release|Any CPU
		{FE0C991F-4C22-43AD-8D58-F35B825C4777}.Release|Any CPU.Build.0 = Release|Any CPU
		{929063B3-2534-4FCE-9D7E-FCB05ECB974F}.Debug|Any CPU.ActiveCfg = Debug|Any CPU
		{929063B3-2534-4FCE-9D7E-FCB05ECB974F}.Debug|Any CPU.Build.0 = Debug|Any CPU
		{929063B3-2534-4FCE-9D7E-FCB05ECB974F}.Release|Any CPU.ActiveCfg = Release|Any CPU
		{929063B3-2534-4FCE-9D7E-FCB05ECB974F}.Release|Any CPU.Build.0 = Release|Any CPU
		{5A22744B-82E3-49B3-9F5F-6BB2EE1F5071}.Debug|Any CPU.ActiveCfg = Debug|Any CPU
		{5A22744B-82E3-49B3-9F5F-6BB2EE1F5071}.Debug|Any CPU.Build.0 = Debug|Any CPU
		{5A22744B-82E3-49B3-9F5F-6BB2EE1F5071}.Release|Any CPU.ActiveCfg = Release|Any CPU
		{5A22744B-82E3-49B3-9F5F-6BB2EE1F5071}.Release|Any CPU.Build.0 = Release|Any CPU
		{D802F2A5-C0EA-4F53-8327-0546980B844F}.Debug|Any CPU.ActiveCfg = Debug|Any CPU
		{D802F2A5-C0EA-4F53-8327-0546980B844F}.Debug|Any CPU.Build.0 = Debug|Any CPU
		{D802F2A5-C0EA-4F53-8327-0546980B844F}.Release|Any CPU.ActiveCfg = Release|Any CPU
		{D802F2A5-C0EA-4F53-8327-0546980B844F}.Release|Any CPU.Build.0 = Release|Any CPU
	EndGlobalSection
	GlobalSection(SolutionProperties) = preSolution
		HideSolutionNode = FALSE
	EndGlobalSection
	GlobalSection(ExtensibilityGlobals) = postSolution
		SolutionGuid = {48B4875A-C705-4CD9-8FEA-043B15E08C85}
	EndGlobalSection
EndGlobal
